// !$*UTF8*$!
{
	archiveVersion = 1;
	classes = {
	};
	objectVersion = 46;
	objects = {

/* Begin PBXBuildFile section */
		7D7CA7DA15125C990014D312 /* Mixin.h in Headers */ = {isa = PBXBuildFile; fileRef = E7DE3B5413165FB500C96724 /* Mixin.h */; settings = {ATTRIBUTES = (Public, ); }; };
		E77203231352FCE000C1B257 /* Cocoa.framework in Frameworks */ = {isa = PBXBuildFile; fileRef = E77203221352FCE000C1B257 /* Cocoa.framework */; };
		E772032D1352FCE000C1B257 /* InfoPlist.strings in Resources */ = {isa = PBXBuildFile; fileRef = E772032B1352FCE000C1B257 /* InfoPlist.strings */; };
		E77203301352FCE000C1B257 /* ObjectiveMixinTests.h in Resources */ = {isa = PBXBuildFile; fileRef = E772032F1352FCE000C1B257 /* ObjectiveMixinTests.h */; };
		E77203321352FCE000C1B257 /* ObjectiveMixinTests.m in Sources */ = {isa = PBXBuildFile; fileRef = E77203311352FCE000C1B257 /* ObjectiveMixinTests.m */; };
		E77203371352FD2F00C1B257 /* Mixin.m in Sources */ = {isa = PBXBuildFile; fileRef = E7DE3B5513165FB500C96724 /* Mixin.m */; };
		E772033A1352FDD800C1B257 /* SourceClass.m in Sources */ = {isa = PBXBuildFile; fileRef = E77203391352FDD800C1B257 /* SourceClass.m */; };
		E772033D1352FDE900C1B257 /* DestinationClass.m in Sources */ = {isa = PBXBuildFile; fileRef = E772033C1352FDE900C1B257 /* DestinationClass.m */; };
		E772034B13530A6700C1B257 /* Foundation.framework in Frameworks */ = {isa = PBXBuildFile; fileRef = E7DE3B4713165EA600C96724 /* Foundation.framework */; };
		E772036F13530A7C00C1B257 /* Mixin.m in Sources */ = {isa = PBXBuildFile; fileRef = E7DE3B5513165FB500C96724 /* Mixin.m */; };
		E772037513530B0600C1B257 /* Cocoa.framework in Frameworks */ = {isa = PBXBuildFile; fileRef = E77203221352FCE000C1B257 /* Cocoa.framework */; };
		E772037C13530B0B00C1B257 /* Mixin.m in Sources */ = {isa = PBXBuildFile; fileRef = E7DE3B5513165FB500C96724 /* Mixin.m */; };
		E7720380135334B300C1B257 /* ChildSourceClass.m in Sources */ = {isa = PBXBuildFile; fileRef = E772037F135334B300C1B257 /* ChildSourceClass.m */; };
		E77355D5135721700062EB8A /* Foundation.framework in Frameworks */ = {isa = PBXBuildFile; fileRef = E7DE3B4713165EA600C96724 /* Foundation.framework */; };
		E77355D8135721700062EB8A /* main.m in Sources */ = {isa = PBXBuildFile; fileRef = E77355D7135721700062EB8A /* main.m */; };
		E77355E1135721C90062EB8A /* CandyFactory.m in Sources */ = {isa = PBXBuildFile; fileRef = E77355E0135721C90062EB8A /* CandyFactory.m */; };
		E77355E4135722830062EB8A /* Singleton.m in Sources */ = {isa = PBXBuildFile; fileRef = E77355E3135722830062EB8A /* Singleton.m */; };
		E77355ED135723850062EB8A /* Mixin.m in Sources */ = {isa = PBXBuildFile; fileRef = E7DE3B5513165FB500C96724 /* Mixin.m */; };
		E77355F1135724660062EB8A /* Serializable.m in Sources */ = {isa = PBXBuildFile; fileRef = E77355F0135724660062EB8A /* Serializable.m */; };
		E77355F4135727950062EB8A /* MountainBike.m in Sources */ = {isa = PBXBuildFile; fileRef = E77355F3135727940062EB8A /* MountainBike.m */; };
/* End PBXBuildFile section */

/* Begin PBXCopyFilesBuildPhase section */
		E77355D1135721700062EB8A /* CopyFiles */ = {
			isa = PBXCopyFilesBuildPhase;
			buildActionMask = 2147483647;
			dstPath = /usr/share/man/man1/;
			dstSubfolderSpec = 0;
			files = (
			);
			runOnlyForDeploymentPostprocessing = 1;
		};
/* End PBXCopyFilesBuildPhase section */

/* Begin PBXFileReference section */
		E77203211352FCE000C1B257 /* ObjectiveMixinTests.octest */ = {isa = PBXFileReference; explicitFileType = wrapper.cfbundle; includeInIndex = 0; path = ObjectiveMixinTests.octest; sourceTree = BUILT_PRODUCTS_DIR; };
		E77203221352FCE000C1B257 /* Cocoa.framework */ = {isa = PBXFileReference; lastKnownFileType = wrapper.framework; name = Cocoa.framework; path = System/Library/Frameworks/Cocoa.framework; sourceTree = SDKROOT; };
		E77203251352FCE000C1B257 /* AppKit.framework */ = {isa = PBXFileReference; lastKnownFileType = wrapper.framework; name = AppKit.framework; path = System/Library/Frameworks/AppKit.framework; sourceTree = SDKROOT; };
		E77203261352FCE000C1B257 /* CoreData.framework */ = {isa = PBXFileReference; lastKnownFileType = wrapper.framework; name = CoreData.framework; path = System/Library/Frameworks/CoreData.framework; sourceTree = SDKROOT; };
		E77203271352FCE000C1B257 /* Foundation.framework */ = {isa = PBXFileReference; lastKnownFileType = wrapper.framework; name = Foundation.framework; path = System/Library/Frameworks/Foundation.framework; sourceTree = SDKROOT; };
		E772032A1352FCE000C1B257 /* ObjectiveMixinTests-Info.plist */ = {isa = PBXFileReference; lastKnownFileType = text.plist.xml; path = "ObjectiveMixinTests-Info.plist"; sourceTree = "<group>"; };
		E772032C1352FCE000C1B257 /* en */ = {isa = PBXFileReference; lastKnownFileType = text.plist.strings; name = en; path = en.lproj/InfoPlist.strings; sourceTree = "<group>"; };
		E772032E1352FCE000C1B257 /* ObjectiveMixinTests-Prefix.pch */ = {isa = PBXFileReference; lastKnownFileType = sourcecode.c.h; path = "ObjectiveMixinTests-Prefix.pch"; sourceTree = "<group>"; };
		E772032F1352FCE000C1B257 /* ObjectiveMixinTests.h */ = {isa = PBXFileReference; lastKnownFileType = sourcecode.c.h; path = ObjectiveMixinTests.h; sourceTree = "<group>"; };
		E77203311352FCE000C1B257 /* ObjectiveMixinTests.m */ = {isa = PBXFileReference; lastKnownFileType = sourcecode.c.objc; path = ObjectiveMixinTests.m; sourceTree = "<group>"; };
		E77203381352FDD800C1B257 /* SourceClass.h */ = {isa = PBXFileReference; fileEncoding = 4; lastKnownFileType = sourcecode.c.h; path = SourceClass.h; sourceTree = "<group>"; };
		E77203391352FDD800C1B257 /* SourceClass.m */ = {isa = PBXFileReference; fileEncoding = 4; lastKnownFileType = sourcecode.c.objc; path = SourceClass.m; sourceTree = "<group>"; };
		E772033B1352FDE900C1B257 /* DestinationClass.h */ = {isa = PBXFileReference; fileEncoding = 4; lastKnownFileType = sourcecode.c.h; path = DestinationClass.h; sourceTree = "<group>"; };
		E772033C1352FDE900C1B257 /* DestinationClass.m */ = {isa = PBXFileReference; fileEncoding = 4; lastKnownFileType = sourcecode.c.objc; path = DestinationClass.m; sourceTree = "<group>"; };
		E772034A13530A6700C1B257 /* libObjectiveMixinCocoaTouch.a */ = {isa = PBXFileReference; explicitFileType = archive.ar; includeInIndex = 0; path = libObjectiveMixinCocoaTouch.a; sourceTree = BUILT_PRODUCTS_DIR; };
		E772034E13530A6700C1B257 /* ObjectiveMixinCocoaTouch-Prefix.pch */ = {isa = PBXFileReference; lastKnownFileType = sourcecode.c.h; path = "ObjectiveMixinCocoaTouch-Prefix.pch"; sourceTree = "<group>"; };
		E772037413530B0600C1B257 /* ObjectiveMixinCocoa.dylib */ = {isa = PBXFileReference; explicitFileType = "compiled.mach-o.dylib"; includeInIndex = 0; path = ObjectiveMixinCocoa.dylib; sourceTree = BUILT_PRODUCTS_DIR; };
		E772037813530B0600C1B257 /* ObjectiveMixinCocoa-Prefix.pch */ = {isa = PBXFileReference; lastKnownFileType = sourcecode.c.h; path = "ObjectiveMixinCocoa-Prefix.pch"; sourceTree = "<group>"; };
		E772037D1353198600C1B257 /* README.md */ = {isa = PBXFileReference; lastKnownFileType = text; path = README.md; sourceTree = "<group>"; wrapsLines = 1; };
		E772037E135334B300C1B257 /* ChildSourceClass.h */ = {isa = PBXFileReference; fileEncoding = 4; lastKnownFileType = sourcecode.c.h; path = ChildSourceClass.h; sourceTree = "<group>"; };
		E772037F135334B300C1B257 /* ChildSourceClass.m */ = {isa = PBXFileReference; fileEncoding = 4; lastKnownFileType = sourcecode.c.objc; path = ChildSourceClass.m; sourceTree = "<group>"; };
		E77355D3135721700062EB8A /* ObjectiveMixinExamples */ = {isa = PBXFileReference; explicitFileType = "compiled.mach-o.executable"; includeInIndex = 0; path = ObjectiveMixinExamples; sourceTree = BUILT_PRODUCTS_DIR; };
		E77355D7135721700062EB8A /* main.m */ = {isa = PBXFileReference; lastKnownFileType = sourcecode.c.objc; path = main.m; sourceTree = "<group>"; };
		E77355DA135721700062EB8A /* ObjectiveMixinExamples-Prefix.pch */ = {isa = PBXFileReference; lastKnownFileType = sourcecode.c.h; path = "ObjectiveMixinExamples-Prefix.pch"; sourceTree = "<group>"; };
		E77355DB135721700062EB8A /* ObjectiveMixinExamples.1 */ = {isa = PBXFileReference; lastKnownFileType = text.man; path = ObjectiveMixinExamples.1; sourceTree = "<group>"; };
		E77355DF135721C90062EB8A /* CandyFactory.h */ = {isa = PBXFileReference; fileEncoding = 4; lastKnownFileType = sourcecode.c.h; path = CandyFactory.h; sourceTree = "<group>"; };
		E77355E0135721C90062EB8A /* CandyFactory.m */ = {isa = PBXFileReference; fileEncoding = 4; lastKnownFileType = sourcecode.c.objc; path = CandyFactory.m; sourceTree = "<group>"; };
		E77355E2135722830062EB8A /* Singleton.h */ = {isa = PBXFileReference; fileEncoding = 4; lastKnownFileType = sourcecode.c.h; path = Singleton.h; sourceTree = "<group>"; };
		E77355E3135722830062EB8A /* Singleton.m */ = {isa = PBXFileReference; fileEncoding = 4; lastKnownFileType = sourcecode.c.objc; path = Singleton.m; sourceTree = "<group>"; };
		E77355EF135724660062EB8A /* Serializable.h */ = {isa = PBXFileReference; fileEncoding = 4; lastKnownFileType = sourcecode.c.h; path = Serializable.h; sourceTree = "<group>"; };
		E77355F0135724660062EB8A /* Serializable.m */ = {isa = PBXFileReference; fileEncoding = 4; lastKnownFileType = sourcecode.c.objc; path = Serializable.m; sourceTree = "<group>"; };
		E77355F2135727940062EB8A /* MountainBike.h */ = {isa = PBXFileReference; fileEncoding = 4; lastKnownFileType = sourcecode.c.h; path = MountainBike.h; sourceTree = "<group>"; };
		E77355F3135727940062EB8A /* MountainBike.m */ = {isa = PBXFileReference; fileEncoding = 4; lastKnownFileType = sourcecode.c.objc; path = MountainBike.m; sourceTree = "<group>"; };
		E7DE3B4713165EA600C96724 /* Foundation.framework */ = {isa = PBXFileReference; lastKnownFileType = wrapper.framework; name = Foundation.framework; path = System/Library/Frameworks/Foundation.framework; sourceTree = SDKROOT; };
		E7DE3B5413165FB500C96724 /* Mixin.h */ = {isa = PBXFileReference; fileEncoding = 4; lastKnownFileType = sourcecode.c.h; path = Mixin.h; sourceTree = "<group>"; };
		E7DE3B5513165FB500C96724 /* Mixin.m */ = {isa = PBXFileReference; fileEncoding = 4; lastKnownFileType = sourcecode.c.objc; path = Mixin.m; sourceTree = "<group>"; };
/* End PBXFileReference section */

/* Begin PBXFrameworksBuildPhase section */
		E772031D1352FCE000C1B257 /* Frameworks */ = {
			isa = PBXFrameworksBuildPhase;
			buildActionMask = 2147483647;
			files = (
				E77203231352FCE000C1B257 /* Cocoa.framework in Frameworks */,
			);
			runOnlyForDeploymentPostprocessing = 0;
		};
		E772034713530A6700C1B257 /* Frameworks */ = {
			isa = PBXFrameworksBuildPhase;
			buildActionMask = 2147483647;
			files = (
				E772034B13530A6700C1B257 /* Foundation.framework in Frameworks */,
			);
			runOnlyForDeploymentPostprocessing = 0;
		};
		E772037113530B0600C1B257 /* Frameworks */ = {
			isa = PBXFrameworksBuildPhase;
			buildActionMask = 2147483647;
			files = (
				E772037513530B0600C1B257 /* Cocoa.framework in Frameworks */,
			);
			runOnlyForDeploymentPostprocessing = 0;
		};
		E77355D0135721700062EB8A /* Frameworks */ = {
			isa = PBXFrameworksBuildPhase;
			buildActionMask = 2147483647;
			files = (
				E77355D5135721700062EB8A /* Foundation.framework in Frameworks */,
			);
			runOnlyForDeploymentPostprocessing = 0;
		};
/* End PBXFrameworksBuildPhase section */

/* Begin PBXGroup section */
		E77203241352FCE000C1B257 /* Other Frameworks */ = {
			isa = PBXGroup;
			children = (
				E77203251352FCE000C1B257 /* AppKit.framework */,
				E77203261352FCE000C1B257 /* CoreData.framework */,
				E77203271352FCE000C1B257 /* Foundation.framework */,
			);
			name = "Other Frameworks";
			sourceTree = "<group>";
		};
		E77203281352FCE000C1B257 /* ObjectiveMixinTests */ = {
			isa = PBXGroup;
			children = (
				E77203291352FCE000C1B257 /* Supporting Files */,
				E772032F1352FCE000C1B257 /* ObjectiveMixinTests.h */,
				E77203311352FCE000C1B257 /* ObjectiveMixinTests.m */,
				E77203381352FDD800C1B257 /* SourceClass.h */,
				E77203391352FDD800C1B257 /* SourceClass.m */,
				E772033B1352FDE900C1B257 /* DestinationClass.h */,
				E772033C1352FDE900C1B257 /* DestinationClass.m */,
				E772037E135334B300C1B257 /* ChildSourceClass.h */,
				E772037F135334B300C1B257 /* ChildSourceClass.m */,
			);
			path = ObjectiveMixinTests;
			sourceTree = "<group>";
		};
		E77203291352FCE000C1B257 /* Supporting Files */ = {
			isa = PBXGroup;
			children = (
				E772032A1352FCE000C1B257 /* ObjectiveMixinTests-Info.plist */,
				E772032B1352FCE000C1B257 /* InfoPlist.strings */,
				E772032E1352FCE000C1B257 /* ObjectiveMixinTests-Prefix.pch */,
			);
			name = "Supporting Files";
			sourceTree = "<group>";
		};
		E772034C13530A6700C1B257 /* ObjectiveMixinCocoaTouch */ = {
			isa = PBXGroup;
			children = (
				E772034D13530A6700C1B257 /* Supporting Files */,
			);
			path = ObjectiveMixinCocoaTouch;
			sourceTree = "<group>";
		};
		E772034D13530A6700C1B257 /* Supporting Files */ = {
			isa = PBXGroup;
			children = (
				E772034E13530A6700C1B257 /* ObjectiveMixinCocoaTouch-Prefix.pch */,
			);
			name = "Supporting Files";
			sourceTree = "<group>";
		};
		E772037613530B0600C1B257 /* ObjectiveMixinCocoa */ = {
			isa = PBXGroup;
			children = (
				E772037713530B0600C1B257 /* Supporting Files */,
			);
			path = ObjectiveMixinCocoa;
			sourceTree = "<group>";
		};
		E772037713530B0600C1B257 /* Supporting Files */ = {
			isa = PBXGroup;
			children = (
				E772037813530B0600C1B257 /* ObjectiveMixinCocoa-Prefix.pch */,
			);
			name = "Supporting Files";
			sourceTree = "<group>";
		};
		E77355BF135716990062EB8A /* Example Mixin Classes */ = {
			isa = PBXGroup;
			children = (
				E77355E2135722830062EB8A /* Singleton.h */,
				E77355E3135722830062EB8A /* Singleton.m */,
				E77355EF135724660062EB8A /* Serializable.h */,
				E77355F0135724660062EB8A /* Serializable.m */,
			);
			name = "Example Mixin Classes";
			path = Examples;
			sourceTree = "<group>";
		};
		E77355D6135721700062EB8A /* ObjectiveMixinExamples */ = {
			isa = PBXGroup;
			children = (
				E77355D9135721700062EB8A /* Supporting Files */,
				E77355D7135721700062EB8A /* main.m */,
				E77355DF135721C90062EB8A /* CandyFactory.h */,
				E77355E0135721C90062EB8A /* CandyFactory.m */,
				E77355F2135727940062EB8A /* MountainBike.h */,
				E77355F3135727940062EB8A /* MountainBike.m */,
			);
			path = ObjectiveMixinExamples;
			sourceTree = "<group>";
		};
		E77355D9135721700062EB8A /* Supporting Files */ = {
			isa = PBXGroup;
			children = (
				E77355DB135721700062EB8A /* ObjectiveMixinExamples.1 */,
				E77355DA135721700062EB8A /* ObjectiveMixinExamples-Prefix.pch */,
			);
			name = "Supporting Files";
			sourceTree = "<group>";
		};
		E7DE3B3813165EA500C96724 = {
			isa = PBXGroup;
			children = (
				E772037D1353198600C1B257 /* README.md */,
				E7DE3B4913165EA600C96724 /* ObjectiveMixin */,
				E77355BF135716990062EB8A /* Example Mixin Classes */,
				E77355D6135721700062EB8A /* ObjectiveMixinExamples */,
				E77203281352FCE000C1B257 /* ObjectiveMixinTests */,
				E772034C13530A6700C1B257 /* ObjectiveMixinCocoaTouch */,
				E772037613530B0600C1B257 /* ObjectiveMixinCocoa */,
				E7DE3B4613165EA600C96724 /* Frameworks */,
				E7DE3B4413165EA600C96724 /* Products */,
			);
			sourceTree = "<group>";
		};
		E7DE3B4413165EA600C96724 /* Products */ = {
			isa = PBXGroup;
			children = (
				E77203211352FCE000C1B257 /* ObjectiveMixinTests.octest */,
				E772034A13530A6700C1B257 /* libObjectiveMixinCocoaTouch.a */,
				E772037413530B0600C1B257 /* ObjectiveMixinCocoa.dylib */,
				E77355D3135721700062EB8A /* ObjectiveMixinExamples */,
			);
			name = Products;
			sourceTree = "<group>";
		};
		E7DE3B4613165EA600C96724 /* Frameworks */ = {
			isa = PBXGroup;
			children = (
				E7DE3B4713165EA600C96724 /* Foundation.framework */,
				E77203221352FCE000C1B257 /* Cocoa.framework */,
				E77203241352FCE000C1B257 /* Other Frameworks */,
			);
			name = Frameworks;
			sourceTree = "<group>";
		};
		E7DE3B4913165EA600C96724 /* ObjectiveMixin */ = {
			isa = PBXGroup;
			children = (
				E7DE3B5413165FB500C96724 /* Mixin.h */,
				E7DE3B5513165FB500C96724 /* Mixin.m */,
			);
			path = ObjectiveMixin;
			sourceTree = "<group>";
		};
/* End PBXGroup section */

/* Begin PBXHeadersBuildPhase section */
		E772034813530A6700C1B257 /* Headers */ = {
			isa = PBXHeadersBuildPhase;
			buildActionMask = 2147483647;
			files = (
				7D7CA7DA15125C990014D312 /* Mixin.h in Headers */,
			);
			runOnlyForDeploymentPostprocessing = 0;
		};
		E772037213530B0600C1B257 /* Headers */ = {
			isa = PBXHeadersBuildPhase;
			buildActionMask = 2147483647;
			files = (
			);
			runOnlyForDeploymentPostprocessing = 0;
		};
/* End PBXHeadersBuildPhase section */

/* Begin PBXNativeTarget section */
		E77203201352FCE000C1B257 /* ObjectiveMixinTests */ = {
			isa = PBXNativeTarget;
			buildConfigurationList = E77203351352FCE000C1B257 /* Build configuration list for PBXNativeTarget "ObjectiveMixinTests" */;
			buildPhases = (
				E772031C1352FCE000C1B257 /* Sources */,
				E772031D1352FCE000C1B257 /* Frameworks */,
				E772031E1352FCE000C1B257 /* Resources */,
				E772031F1352FCE000C1B257 /* ShellScript */,
			);
			buildRules = (
			);
			dependencies = (
			);
			name = ObjectiveMixinTests;
			productName = ObjectiveMixinTests;
			productReference = E77203211352FCE000C1B257 /* ObjectiveMixinTests.octest */;
			productType = "com.apple.product-type.bundle";
		};
		E772034913530A6700C1B257 /* ObjectiveMixinCocoaTouch */ = {
			isa = PBXNativeTarget;
			buildConfigurationList = E772036C13530A6700C1B257 /* Build configuration list for PBXNativeTarget "ObjectiveMixinCocoaTouch" */;
			buildPhases = (
				E772034613530A6700C1B257 /* Sources */,
				E772034713530A6700C1B257 /* Frameworks */,
				E772034813530A6700C1B257 /* Headers */,
			);
			buildRules = (
			);
			dependencies = (
			);
			name = ObjectiveMixinCocoaTouch;
			productName = ObjectiveMixinCocoaTouch;
			productReference = E772034A13530A6700C1B257 /* libObjectiveMixinCocoaTouch.a */;
			productType = "com.apple.product-type.library.static";
		};
		E772037313530B0600C1B257 /* ObjectiveMixinCocoa */ = {
			isa = PBXNativeTarget;
			buildConfigurationList = E772037913530B0600C1B257 /* Build configuration list for PBXNativeTarget "ObjectiveMixinCocoa" */;
			buildPhases = (
				E772037013530B0600C1B257 /* Sources */,
				E772037113530B0600C1B257 /* Frameworks */,
				E772037213530B0600C1B257 /* Headers */,
			);
			buildRules = (
			);
			dependencies = (
			);
			name = ObjectiveMixinCocoa;
			productName = ObjectiveMixinCocoa;
			productReference = E772037413530B0600C1B257 /* ObjectiveMixinCocoa.dylib */;
			productType = "com.apple.product-type.library.dynamic";
		};
		E77355D2135721700062EB8A /* ObjectiveMixinExamples */ = {
			isa = PBXNativeTarget;
			buildConfigurationList = E77355DC135721700062EB8A /* Build configuration list for PBXNativeTarget "ObjectiveMixinExamples" */;
			buildPhases = (
				E77355CF135721700062EB8A /* Sources */,
				E77355D0135721700062EB8A /* Frameworks */,
				E77355D1135721700062EB8A /* CopyFiles */,
			);
			buildRules = (
			);
			dependencies = (
			);
			name = ObjectiveMixinExamples;
			productName = ObjectiveMixinExamples;
			productReference = E77355D3135721700062EB8A /* ObjectiveMixinExamples */;
			productType = "com.apple.product-type.tool";
		};
/* End PBXNativeTarget section */

/* Begin PBXProject section */
		E7DE3B3A13165EA500C96724 /* Project object */ = {
			isa = PBXProject;
			buildConfigurationList = E7DE3B3D13165EA500C96724 /* Build configuration list for PBXProject "ObjectiveMixin" */;
			compatibilityVersion = "Xcode 3.2";
			developmentRegion = English;
			hasScannedForEncodings = 0;
			knownRegions = (
				en,
			);
			mainGroup = E7DE3B3813165EA500C96724;
			productRefGroup = E7DE3B4413165EA600C96724 /* Products */;
			projectDirPath = "";
			projectRoot = "";
			targets = (
				E77203201352FCE000C1B257 /* ObjectiveMixinTests */,
				E772034913530A6700C1B257 /* ObjectiveMixinCocoaTouch */,
				E772037313530B0600C1B257 /* ObjectiveMixinCocoa */,
				E77355D2135721700062EB8A /* ObjectiveMixinExamples */,
			);
		};
/* End PBXProject section */

/* Begin PBXResourcesBuildPhase section */
		E772031E1352FCE000C1B257 /* Resources */ = {
			isa = PBXResourcesBuildPhase;
			buildActionMask = 2147483647;
			files = (
				E772032D1352FCE000C1B257 /* InfoPlist.strings in Resources */,
				E77203301352FCE000C1B257 /* ObjectiveMixinTests.h in Resources */,
			);
			runOnlyForDeploymentPostprocessing = 0;
		};
/* End PBXResourcesBuildPhase section */

/* Begin PBXShellScriptBuildPhase section */
		E772031F1352FCE000C1B257 /* ShellScript */ = {
			isa = PBXShellScriptBuildPhase;
			buildActionMask = 2147483647;
			files = (
			);
			inputPaths = (
			);
			outputPaths = (
			);
			runOnlyForDeploymentPostprocessing = 0;
			shellPath = /bin/sh;
			shellScript = "# Run the unit tests in this test bundle.\n\"${SYSTEM_DEVELOPER_DIR}/Tools/RunUnitTests\"\n";
		};
/* End PBXShellScriptBuildPhase section */

/* Begin PBXSourcesBuildPhase section */
		E772031C1352FCE000C1B257 /* Sources */ = {
			isa = PBXSourcesBuildPhase;
			buildActionMask = 2147483647;
			files = (
				E77203321352FCE000C1B257 /* ObjectiveMixinTests.m in Sources */,
				E77203371352FD2F00C1B257 /* Mixin.m in Sources */,
				E772033A1352FDD800C1B257 /* SourceClass.m in Sources */,
				E772033D1352FDE900C1B257 /* DestinationClass.m in Sources */,
				E7720380135334B300C1B257 /* ChildSourceClass.m in Sources */,
			);
			runOnlyForDeploymentPostprocessing = 0;
		};
		E772034613530A6700C1B257 /* Sources */ = {
			isa = PBXSourcesBuildPhase;
			buildActionMask = 2147483647;
			files = (
				E772036F13530A7C00C1B257 /* Mixin.m in Sources */,
			);
			runOnlyForDeploymentPostprocessing = 0;
		};
		E772037013530B0600C1B257 /* Sources */ = {
			isa = PBXSourcesBuildPhase;
			buildActionMask = 2147483647;
			files = (
				E772037C13530B0B00C1B257 /* Mixin.m in Sources */,
			);
			runOnlyForDeploymentPostprocessing = 0;
		};
		E77355CF135721700062EB8A /* Sources */ = {
			isa = PBXSourcesBuildPhase;
			buildActionMask = 2147483647;
			files = (
				E77355D8135721700062EB8A /* main.m in Sources */,
				E77355E1135721C90062EB8A /* CandyFactory.m in Sources */,
				E77355E4135722830062EB8A /* Singleton.m in Sources */,
				E77355ED135723850062EB8A /* Mixin.m in Sources */,
				E77355F1135724660062EB8A /* Serializable.m in Sources */,
				E77355F4135727950062EB8A /* MountainBike.m in Sources */,
			);
			runOnlyForDeploymentPostprocessing = 0;
		};
/* End PBXSourcesBuildPhase section */

/* Begin PBXVariantGroup section */
		E772032B1352FCE000C1B257 /* InfoPlist.strings */ = {
			isa = PBXVariantGroup;
			children = (
				E772032C1352FCE000C1B257 /* en */,
			);
			name = InfoPlist.strings;
			sourceTree = "<group>";
		};
/* End PBXVariantGroup section */

/* Begin XCBuildConfiguration section */
		E77203331352FCE000C1B257 /* Debug */ = {
			isa = XCBuildConfiguration;
			buildSettings = {
				ALWAYS_SEARCH_USER_PATHS = NO;
				COPY_PHASE_STRIP = NO;
				FRAMEWORK_SEARCH_PATHS = "$(DEVELOPER_LIBRARY_DIR)/Frameworks";
				GCC_DYNAMIC_NO_PIC = NO;
				GCC_ENABLE_OBJC_EXCEPTIONS = YES;
				GCC_PRECOMPILE_PREFIX_HEADER = YES;
				GCC_PREFIX_HEADER = "ObjectiveMixinTests/ObjectiveMixinTests-Prefix.pch";
				GCC_SYMBOLS_PRIVATE_EXTERN = NO;
				INFOPLIST_FILE = "ObjectiveMixinTests/ObjectiveMixinTests-Info.plist";
				OTHER_LDFLAGS = (
					"-framework",
					SenTestingKit,
				);
				PRODUCT_NAME = "$(TARGET_NAME)";
				WRAPPER_EXTENSION = octest;
			};
			name = Debug;
		};
		E77203341352FCE000C1B257 /* Release */ = {
			isa = XCBuildConfiguration;
			buildSettings = {
				ALWAYS_SEARCH_USER_PATHS = NO;
				COPY_PHASE_STRIP = YES;
				DEBUG_INFORMATION_FORMAT = "dwarf-with-dsym";
				FRAMEWORK_SEARCH_PATHS = "$(DEVELOPER_LIBRARY_DIR)/Frameworks";
				GCC_ENABLE_OBJC_EXCEPTIONS = YES;
				GCC_PRECOMPILE_PREFIX_HEADER = YES;
				GCC_PREFIX_HEADER = "ObjectiveMixinTests/ObjectiveMixinTests-Prefix.pch";
				INFOPLIST_FILE = "ObjectiveMixinTests/ObjectiveMixinTests-Info.plist";
				OTHER_LDFLAGS = (
					"-framework",
					SenTestingKit,
				);
				PRODUCT_NAME = "$(TARGET_NAME)";
				WRAPPER_EXTENSION = octest;
			};
			name = Release;
		};
		E772036813530A6700C1B257 /* Debug */ = {
			isa = XCBuildConfiguration;
			buildSettings = {
				ALWAYS_SEARCH_USER_PATHS = NO;
				ARCHS = "$(ARCHS_STANDARD_32_BIT)";
				GCC_PRECOMPILE_PREFIX_HEADER = YES;
				GCC_PREFIX_HEADER = "ObjectiveMixinCocoaTouch/ObjectiveMixinCocoaTouch-Prefix.pch";
				GCC_SYMBOLS_PRIVATE_EXTERN = NO;
				IPHONEOS_DEPLOYMENT_TARGET = 4.3;
				OTHER_LDFLAGS = "-ObjC";
				PRODUCT_NAME = "$(TARGET_NAME)";
				PUBLIC_HEADERS_FOLDER_PATH = include/ObjectiveMixin;
				SDKROOT = iphoneos;
				SKIP_INSTALL = YES;
			};
			name = Debug;
		};
		E772036913530A6700C1B257 /* Release */ = {
			isa = XCBuildConfiguration;
			buildSettings = {
				ALWAYS_SEARCH_USER_PATHS = NO;
				ARCHS = "$(ARCHS_STANDARD_32_BIT)";
				GCC_PRECOMPILE_PREFIX_HEADER = YES;
				GCC_PREFIX_HEADER = "ObjectiveMixinCocoaTouch/ObjectiveMixinCocoaTouch-Prefix.pch";
				IPHONEOS_DEPLOYMENT_TARGET = 4.3;
				OTHER_LDFLAGS = "-ObjC";
				PRODUCT_NAME = "$(TARGET_NAME)";
				PUBLIC_HEADERS_FOLDER_PATH = include/ObjectiveMixin;
				SDKROOT = iphoneos;
				SKIP_INSTALL = YES;
			};
			name = Release;
		};
		E772037A13530B0600C1B257 /* Debug */ = {
			isa = XCBuildConfiguration;
			buildSettings = {
				ALWAYS_SEARCH_USER_PATHS = NO;
				COPY_PHASE_STRIP = NO;
				DYLIB_COMPATIBILITY_VERSION = 1;
				DYLIB_CURRENT_VERSION = 1;
				GCC_DYNAMIC_NO_PIC = NO;
				GCC_ENABLE_OBJC_EXCEPTIONS = YES;
				GCC_PRECOMPILE_PREFIX_HEADER = YES;
				GCC_PREFIX_HEADER = "ObjectiveMixinCocoa/ObjectiveMixinCocoa-Prefix.pch";
				GCC_SYMBOLS_PRIVATE_EXTERN = NO;
				PRODUCT_NAME = "$(TARGET_NAME)";
			};
			name = Debug;
		};
		E772037B13530B0600C1B257 /* Release */ = {
			isa = XCBuildConfiguration;
			buildSettings = {
				ALWAYS_SEARCH_USER_PATHS = NO;
				COPY_PHASE_STRIP = YES;
				DEBUG_INFORMATION_FORMAT = "dwarf-with-dsym";
				DYLIB_COMPATIBILITY_VERSION = 1;
				DYLIB_CURRENT_VERSION = 1;
				GCC_ENABLE_OBJC_EXCEPTIONS = YES;
				GCC_PRECOMPILE_PREFIX_HEADER = YES;
				GCC_PREFIX_HEADER = "ObjectiveMixinCocoa/ObjectiveMixinCocoa-Prefix.pch";
				PRODUCT_NAME = "$(TARGET_NAME)";
			};
			name = Release;
		};
		E77355DD135721700062EB8A /* Debug */ = {
			isa = XCBuildConfiguration;
			buildSettings = {
				ALWAYS_SEARCH_USER_PATHS = NO;
				COPY_PHASE_STRIP = NO;
				GCC_DYNAMIC_NO_PIC = NO;
				GCC_ENABLE_OBJC_EXCEPTIONS = YES;
				GCC_PRECOMPILE_PREFIX_HEADER = YES;
				GCC_PREFIX_HEADER = "ObjectiveMixinExamples/ObjectiveMixinExamples-Prefix.pch";
				GCC_SYMBOLS_PRIVATE_EXTERN = NO;
				PRODUCT_NAME = "$(TARGET_NAME)";
			};
			name = Debug;
		};
		E77355DE135721700062EB8A /* Release */ = {
			isa = XCBuildConfiguration;
			buildSettings = {
				ALWAYS_SEARCH_USER_PATHS = NO;
				COPY_PHASE_STRIP = YES;
				DEBUG_INFORMATION_FORMAT = "dwarf-with-dsym";
				GCC_ENABLE_OBJC_EXCEPTIONS = YES;
				GCC_PRECOMPILE_PREFIX_HEADER = YES;
				GCC_PREFIX_HEADER = "ObjectiveMixinExamples/ObjectiveMixinExamples-Prefix.pch";
				PRODUCT_NAME = "$(TARGET_NAME)";
			};
			name = Release;
		};
		E7DE3B4F13165EA600C96724 /* Debug */ = {
			isa = XCBuildConfiguration;
			buildSettings = {
				ARCHS = "$(ARCHS_STANDARD_32_64_BIT)";
				GCC_C_LANGUAGE_STANDARD = gnu99;
				GCC_OPTIMIZATION_LEVEL = 0;
				GCC_PREPROCESSOR_DEFINITIONS = DEBUG;
				GCC_VERSION = com.apple.compilers.llvm.clang.1_0;
				GCC_WARN_64_TO_32_BIT_CONVERSION = YES;
				GCC_WARN_ABOUT_RETURN_TYPE = YES;
				GCC_WARN_UNUSED_VARIABLE = YES;
				MACOSX_DEPLOYMENT_TARGET = 10.6;
				ONLY_ACTIVE_ARCH = YES;
				SDKROOT = macosx;
			};
			name = Debug;
		};
		E7DE3B5013165EA600C96724 /* Release */ = {
			isa = XCBuildConfiguration;
			buildSettings = {
				ARCHS = "$(ARCHS_STANDARD_32_64_BIT)";
				GCC_C_LANGUAGE_STANDARD = gnu99;
				GCC_VERSION = com.apple.compilers.llvm.clang.1_0;
				GCC_WARN_64_TO_32_BIT_CONVERSION = YES;
				GCC_WARN_ABOUT_RETURN_TYPE = YES;
				GCC_WARN_UNUSED_VARIABLE = YES;
				MACOSX_DEPLOYMENT_TARGET = 10.6;
				SDKROOT = macosx;
			};
			name = Release;
		};
/* End XCBuildConfiguration section */

/* Begin XCConfigurationList section */
		E77203351352FCE000C1B257 /* Build configuration list for PBXNativeTarget "ObjectiveMixinTests" */ = {
			isa = XCConfigurationList;
			buildConfigurations = (
				E77203331352FCE000C1B257 /* Debug */,
				E77203341352FCE000C1B257 /* Release */,
			);
			defaultConfigurationIsVisible = 0;
			defaultConfigurationName = Release;
		};
		E772036C13530A6700C1B257 /* Build configuration list for PBXNativeTarget "ObjectiveMixinCocoaTouch" */ = {
			isa = XCConfigurationList;
			buildConfigurations = (
				E772036813530A6700C1B257 /* Debug */,
				E772036913530A6700C1B257 /* Release */,
			);
			defaultConfigurationIsVisible = 0;
			defaultConfigurationName = Release;
		};
		E772037913530B0600C1B257 /* Build configuration list for PBXNativeTarget "ObjectiveMixinCocoa" */ = {
			isa = XCConfigurationList;
			buildConfigurations = (
				E772037A13530B0600C1B257 /* Debug */,
				E772037B13530B0600C1B257 /* Release */,
			);
			defaultConfigurationIsVisible = 0;
			defaultConfigurationName = Release;
		};
		E77355DC135721700062EB8A /* Build configuration list for PBXNativeTarget "ObjectiveMixinExamples" */ = {
			isa = XCConfigurationList;
			buildConfigurations = (
				E77355DD135721700062EB8A /* Debug */,
				E77355DE135721700062EB8A /* Release */,
			);
			defaultConfigurationIsVisible = 0;
			defaultConfigurationName = Release;
		};
		E7DE3B3D13165EA500C96724 /* Build configuration list for PBXProject "ObjectiveMixin" */ = {
			isa = XCConfigurationList;
			buildConfigurations = (
				E7DE3B4F13165EA600C96724 /* Debug */,
				E7DE3B5013165EA600C96724 /* Release */,
			);
			defaultConfigurationIsVisible = 0;
			defaultConfigurationName = Release;
		};
/* End XCConfigurationList section */
	};
	rootObject = E7DE3B3A13165EA500C96724 /* Project object */;
}
